
  - id: "621a-2c56-f1ae"
    web:
      metaDescription: ""
      metaTitle: "side by side"
      metaLinkText: null
      metaKeywords: null
      pathPart: null
      path: null
      sitemapPriority: -1
      canonicalTagMode: 1
      canonicalQueryParamWhitelist: null
      canonicalTagCustomValue: null
      parent: "/"
    meta:
      sort: 622
      listed: true
      createdByUserZUID: "5-dc93cce5e1-zh4m49"
    data:
      bg: "https://8xbq19z1.media.zestyio.com/DTS_Life-In-Lilac_by-Martin-Boerr_52-copy.jpg"
      og_image: "https://storage.googleapis.com/zesty-prod-instance-screenshots/8xbq19z1-dev.webengine.zesty.io!-!block!starter_block.html!variant=7-f88598e7fe-nbf10z&version=5&_bypassError=true_1280_720.png"
      site_title: "d d d"
  - id: "7229-08a9-2d0b"
    web:
      metaDescription: ""
      metaTitle: "zzz"
      metaLinkText: null
      metaKeywords: null
      pathPart: null
      path: null
      sitemapPriority: -1
      canonicalTagMode: 1
      canonicalQueryParamWhitelist: null
      canonicalTagCustomValue: null
      parent: "/"
    meta:
      sort: 623
      listed: true
      createdByUserZUID: "5-dc93cce5e1-zh4m49"
    data:
      bg: "https://8xbq19z1.media.zestyio.com/gundam.JPG"
      og_image: "https://storage.googleapis.com/zesty-prod-instance-screenshots/8xbq19z1-dev.webengine.zesty.io!-!block!starter_block.html!variant=7-84f3c4cf9b-5b0sn9&version=6&zpw=test123&_bypassError=true_1280_720.png"
      site_title: "Block"
